
Microsoft Visual Studio Solution File, Format Version 12.00
Project("{FAE04EC0-301F-11D3-BF4B-00C04F79EFBC}") = "First", "First\First.csproj", "{FB0D947D-00F1-4B06-A9CD-E4B85BD0F4CA}"
EndProject
Project("{FAE04EC0-301F-11D3-BF4B-00C04F79EFBC}") = "Second", "Second\Second.csproj", "{D055AB6C-467B-4067-9C82-9C68494439F0}"
EndProject
Project("{FAE04EC0-301F-11D3-BF4B-00C04F79EFBC}") = "Third", "Third\Third.csproj", "{1DE9DA2B-0787-4F7C-A649-D73C386946DF}"
EndProject
Project("{FAE04EC0-301F-11D3-BF4B-00C04F79EFBC}") = "Fourth", "Fourth\Fourth.csproj", "{35BC3F5E-6284-4E81-83B9-5D8ADE8634EB}"
EndProject
Project("{FAE04EC0-301F-11D3-BF4B-00C04F79EFBC}") = "Fifth", "Fifth\Fifth.csproj", "{07B09915-E3C6-4282-91E2-E3D68EDA617E}"
EndProject
Global
	GlobalSection(SolutionConfigurationPlatforms) = preSolution
		Debug|Any CPU = Debug|Any CPU
		Release|Any CPU = Release|Any CPU
	EndGlobalSection
	GlobalSection(ProjectConfigurationPlatforms) = postSolution
		{FB0D947D-00F1-4B06-A9CD-E4B85BD0F4CA}.Debug|Any CPU.ActiveCfg = Debug|Any CPU
		{FB0D947D-00F1-4B06-A9CD-E4B85BD0F4CA}.Debug|Any CPU.Build.0 = Debug|Any CPU
		{FB0D947D-00F1-4B06-A9CD-E4B85BD0F4CA}.Release|Any CPU.ActiveCfg = Release|Any CPU
		{FB0D947D-00F1-4B06-A9CD-E4B85BD0F4CA}.Release|Any CPU.Build.0 = Release|Any CPU
		{D055AB6C-467B-4067-9C82-9C68494439F0}.Debug|Any CPU.ActiveCfg = Debug|Any CPU
		{D055AB6C-467B-4067-9C82-9C68494439F0}.Debug|Any CPU.Build.0 = Debug|Any CPU
		{D055AB6C-467B-4067-9C82-9C68494439F0}.Release|Any CPU.ActiveCfg = Release|Any CPU
		{D055AB6C-467B-4067-9C82-9C68494439F0}.Release|Any CPU.Build.0 = Release|Any CPU
		{1DE9DA2B-0787-4F7C-A649-D73C386946DF}.Debug|Any CPU.ActiveCfg = Debug|Any CPU
		{1DE9DA2B-0787-4F7C-A649-D73C386946DF}.Debug|Any CPU.Build.0 = Debug|Any CPU
		{1DE9DA2B-0787-4F7C-A649-D73C386946DF}.Release|Any CPU.ActiveCfg = Release|Any CPU
		{1DE9DA2B-0787-4F7C-A649-D73C386946DF}.Release|Any CPU.Build.0 = Release|Any CPU
		{35BC3F5E-6284-4E81-83B9-5D8ADE8634EB}.Debug|Any CPU.ActiveCfg = Debug|Any CPU
		{35BC3F5E-6284-4E81-83B9-5D8ADE8634EB}.Debug|Any CPU.Build.0 = Debug|Any CPU
		{35BC3F5E-6284-4E81-83B9-5D8ADE8634EB}.Release|Any CPU.ActiveCfg = Release|Any CPU
		{35BC3F5E-6284-4E81-83B9-5D8ADE8634EB}.Release|Any CPU.Build.0 = Release|Any CPU
		{07B09915-E3C6-4282-91E2-E3D68EDA617E}.Debug|Any CPU.ActiveCfg = Debug|Any CPU
		{07B09915-E3C6-4282-91E2-E3D68EDA617E}.Debug|Any CPU.Build.0 = Debug|Any CPU
		{07B09915-E3C6-4282-91E2-E3D68EDA617E}.Release|Any CPU.ActiveCfg = Release|Any CPU
		{07B09915-E3C6-4282-91E2-E3D68EDA617E}.Release|Any CPU.Build.0 = Release|Any CPU
	EndGlobalSection
EndGlobal
